// !$*UTF8*$!
{
	archiveVersion = 1;
	classes = {
	};
	objectVersion = 46;
	objects = {

/* Begin PBXBuildFile section */
		7B84FC1D5E4C974DB8490F4F /* libPods.a in Frameworks */ = {isa = PBXBuildFile; fileRef = 3E5A07378874763FE54BEEA7 /* libPods.a */; };
		D092E42E1B82C3CB0038B358 /* XBAdPageView.podspec in Resources */ = {isa = PBXBuildFile; fileRef = D092E42D1B82C3CB0038B358 /* XBAdPageView.podspec */; };
		D0D0DEB21B032D2800FDABA7 /* main.m in Sources */ = {isa = PBXBuildFile; fileRef = D0D0DEB11B032D2800FDABA7 /* main.m */; };
		D0D0DEB51B032D2800FDABA7 /* AppDelegate.m in Sources */ = {isa = PBXBuildFile; fileRef = D0D0DEB41B032D2800FDABA7 /* AppDelegate.m */; };
		D0D0DEB81B032D2800FDABA7 /* ViewController.m in Sources */ = {isa = PBXBuildFile; fileRef = D0D0DEB71B032D2800FDABA7 /* ViewController.m */; };
		D0D0DEBB1B032D2800FDABA7 /* Main.storyboard in Resources */ = {isa = PBXBuildFile; fileRef = D0D0DEB91B032D2800FDABA7 /* Main.storyboard */; };
		D0D0DEBD1B032D2800FDABA7 /* Images.xcassets in Resources */ = {isa = PBXBuildFile; fileRef = D0D0DEBC1B032D2800FDABA7 /* Images.xcassets */; };
		D0D0DEC01B032D2800FDABA7 /* LaunchScreen.xib in Resources */ = {isa = PBXBuildFile; fileRef = D0D0DEBE1B032D2800FDABA7 /* LaunchScreen.xib */; };
		D0D0DECC1B032D2800FDABA7 /* XBAdPageViewTests.m in Sources */ = {isa = PBXBuildFile; fileRef = D0D0DECB1B032D2800FDABA7 /* XBAdPageViewTests.m */; };
		D0D0DED81B032D7700FDABA7 /* JXBAdPageView.m in Sources */ = {isa = PBXBuildFile; fileRef = D0D0DED71B032D7700FDABA7 /* JXBAdPageView.m */; };
/* End PBXBuildFile section */

/* Begin PBXContainerItemProxy section */
		D0D0DEC61B032D2800FDABA7 /* PBXContainerItemProxy */ = {
			isa = PBXContainerItemProxy;
			containerPortal = D0D0DEA41B032D2800FDABA7 /* Project object */;
			proxyType = 1;
			remoteGlobalIDString = D0D0DEAB1B032D2800FDABA7;
			remoteInfo = XBAdPageView;
		};
/* End PBXContainerItemProxy section */

/* Begin PBXFileReference section */
		1FF315BACDCE4C657629E77F /* Pods.release.xcconfig */ = {isa = PBXFileReference; includeInIndex = 1; lastKnownFileType = text.xcconfig; name = Pods.release.xcconfig; path = "Pods/Target Support Files/Pods/Pods.release.xcconfig"; sourceTree = "<group>"; };
		3E5A07378874763FE54BEEA7 /* libPods.a */ = {isa = PBXFileReference; explicitFileType = archive.ar; includeInIndex = 0; path = libPods.a; sourceTree = BUILT_PRODUCTS_DIR; };
		79A76539AB43D2FF3632FEFA /* Pods.debug.xcconfig */ = {isa = PBXFileReference; includeInIndex = 1; lastKnownFileType = text.xcconfig; name = Pods.debug.xcconfig; path = "Pods/Target Support Files/Pods/Pods.debug.xcconfig"; sourceTree = "<group>"; };
		D092E42D1B82C3CB0038B358 /* XBAdPageView.podspec */ = {isa = PBXFileReference; fileEncoding = 4; lastKnownFileType = text; path = XBAdPageView.podspec; sourceTree = SOURCE_ROOT; };
		D0D0DEAC1B032D2800FDABA7 /* XBAdPageView.app */ = {isa = PBXFileReference; explicitFileType = wrapper.application; includeInIndex = 0; path = XBAdPageView.app; sourceTree = BUILT_PRODUCTS_DIR; };
		D0D0DEB01B032D2800FDABA7 /* Info.plist */ = {isa = PBXFileReference; lastKnownFileType = text.plist.xml; path = Info.plist; sourceTree = "<group>"; };
		D0D0DEB11B032D2800FDABA7 /* main.m */ = {isa = PBXFileReference; lastKnownFileType = sourcecode.c.objc; path = main.m; sourceTree = "<group>"; };
		D0D0DEB31B032D2800FDABA7 /* AppDelegate.h */ = {isa = PBXFileReference; lastKnownFileType = sourcecode.c.h; path = AppDelegate.h; sourceTree = "<group>"; };
		D0D0DEB41B032D2800FDABA7 /* AppDelegate.m */ = {isa = PBXFileReference; lastKnownFileType = sourcecode.c.objc; path = AppDelegate.m; sourceTree = "<group>"; };
		D0D0DEB61B032D2800FDABA7 /* ViewController.h */ = {isa = PBXFileReference; lastKnownFileType = sourcecode.c.h; path = ViewController.h; sourceTree = "<group>"; };
		D0D0DEB71B032D2800FDABA7 /* ViewController.m */ = {isa = PBXFileReference; lastKnownFileType = sourcecode.c.objc; path = ViewController.m; sourceTree = "<group>"; };
		D0D0DEBA1B032D2800FDABA7 /* Base */ = {isa = PBXFileReference; lastKnownFileType = file.storyboard; name = Base; path = Base.lproj/Main.storyboard; sourceTree = "<group>"; };
		D0D0DEBC1B032D2800FDABA7 /* Images.xcassets */ = {isa = PBXFileReference; lastKnownFileType = folder.assetcatalog; path = Images.xcassets; sourceTree = "<group>"; };
		D0D0DEBF1B032D2800FDABA7 /* Base */ = {isa = PBXFileReference; lastKnownFileType = file.xib; name = Base; path = Base.lproj/LaunchScreen.xib; sourceTree = "<group>"; };
		D0D0DEC51B032D2800FDABA7 /* XBAdPageViewTests.xctest */ = {isa = PBXFileReference; explicitFileType = wrapper.cfbundle; includeInIndex = 0; path = XBAdPageViewTests.xctest; sourceTree = BUILT_PRODUCTS_DIR; };
		D0D0DECA1B032D2800FDABA7 /* Info.plist */ = {isa = PBXFileReference; lastKnownFileType = text.plist.xml; path = Info.plist; sourceTree = "<group>"; };
		D0D0DECB1B032D2800FDABA7 /* XBAdPageViewTests.m */ = {isa = PBXFileReference; lastKnownFileType = sourcecode.c.objc; path = XBAdPageViewTests.m; sourceTree = "<group>"; };
		D0D0DED61B032D7700FDABA7 /* JXBAdPageView.h */ = {isa = PBXFileReference; fileEncoding = 4; lastKnownFileType = sourcecode.c.h; name = JXBAdPageView.h; path = JXBAdPageView/JXBAdPageView.h; sourceTree = "<group>"; };
		D0D0DED71B032D7700FDABA7 /* JXBAdPageView.m */ = {isa = PBXFileReference; fileEncoding = 4; lastKnownFileType = sourcecode.c.objc; name = JXBAdPageView.m; path = JXBAdPageView/JXBAdPageView.m; sourceTree = "<group>"; };
/* End PBXFileReference section */

/* Begin PBXFrameworksBuildPhase section */
		D0D0DEA91B032D2800FDABA7 /* Frameworks */ = {
			isa = PBXFrameworksBuildPhase;
			buildActionMask = 2147483647;
			files = (
				7B84FC1D5E4C974DB8490F4F /* libPods.a in Frameworks */,
			);
			runOnlyForDeploymentPostprocessing = 0;
		};
		D0D0DEC21B032D2800FDABA7 /* Frameworks */ = {
			isa = PBXFrameworksBuildPhase;
			buildActionMask = 2147483647;
			files = (
			);
			runOnlyForDeploymentPostprocessing = 0;
		};
/* End PBXFrameworksBuildPhase section */

/* Begin PBXGroup section */
		53EA7C64854237A97DF88714 /* Frameworks */ = {
			isa = PBXGroup;
			children = (
				3E5A07378874763FE54BEEA7 /* libPods.a */,
			);
			name = Frameworks;
			sourceTree = "<group>";
		};
		79AA2BD4CA434739DD4BADCE /* Pods */ = {
			isa = PBXGroup;
			children = (
				79A76539AB43D2FF3632FEFA /* Pods.debug.xcconfig */,
				1FF315BACDCE4C657629E77F /* Pods.release.xcconfig */,
			);
			name = Pods;
			sourceTree = "<group>";
		};
		D0D0DEA31B032D2800FDABA7 = {
			isa = PBXGroup;
			children = (
				D0D0DEAE1B032D2800FDABA7 /* XBAdPageView */,
				D0D0DEC81B032D2800FDABA7 /* XBAdPageViewTests */,
				D0D0DEAD1B032D2800FDABA7 /* Products */,
				79AA2BD4CA434739DD4BADCE /* Pods */,
				53EA7C64854237A97DF88714 /* Frameworks */,
			);
			sourceTree = "<group>";
		};
		D0D0DEAD1B032D2800FDABA7 /* Products */ = {
			isa = PBXGroup;
			children = (
				D0D0DEAC1B032D2800FDABA7 /* XBAdPageView.app */,
				D0D0DEC51B032D2800FDABA7 /* XBAdPageViewTests.xctest */,
			);
			name = Products;
			sourceTree = "<group>";
		};
		D0D0DEAE1B032D2800FDABA7 /* XBAdPageView */ = {
			isa = PBXGroup;
			children = (
				D092E42D1B82C3CB0038B358 /* XBAdPageView.podspec */,
				D0D0DED51B032D4900FDABA7 /* JXBAdPageView */,
				D0D0DEB31B032D2800FDABA7 /* AppDelegate.h */,
				D0D0DEB41B032D2800FDABA7 /* AppDelegate.m */,
				D0D0DEB61B032D2800FDABA7 /* ViewController.h */,
				D0D0DEB71B032D2800FDABA7 /* ViewController.m */,
				D0D0DEB91B032D2800FDABA7 /* Main.storyboard */,
				D0D0DEBC1B032D2800FDABA7 /* Images.xcassets */,
				D0D0DEBE1B032D2800FDABA7 /* LaunchScreen.xib */,
				D0D0DEAF1B032D2800FDABA7 /* Supporting Files */,
			);
			path = XBAdPageView;
			sourceTree = "<group>";
		};
		D0D0DEAF1B032D2800FDABA7 /* Supporting Files */ = {
			isa = PBXGroup;
			children = (
				D0D0DEB01B032D2800FDABA7 /* Info.plist */,
				D0D0DEB11B032D2800FDABA7 /* main.m */,
			);
			name = "Supporting Files";
			sourceTree = "<group>";
		};
		D0D0DEC81B032D2800FDABA7 /* XBAdPageViewTests */ = {
			isa = PBXGroup;
			children = (
				D0D0DECB1B032D2800FDABA7 /* XBAdPageViewTests.m */,
				D0D0DEC91B032D2800FDABA7 /* Supporting Files */,
			);
			path = XBAdPageViewTests;
			sourceTree = "<group>";
		};
		D0D0DEC91B032D2800FDABA7 /* Supporting Files */ = {
			isa = PBXGroup;
			children = (
				D0D0DECA1B032D2800FDABA7 /* Info.plist */,
			);
			name = "Supporting Files";
			sourceTree = "<group>";
		};
		D0D0DED51B032D4900FDABA7 /* JXBAdPageView */ = {
			isa = PBXGroup;
			children = (
				D0D0DED61B032D7700FDABA7 /* JXBAdPageView.h */,
				D0D0DED71B032D7700FDABA7 /* JXBAdPageView.m */,
			);
			name = JXBAdPageView;
			sourceTree = "<group>";
		};
/* End PBXGroup section */

/* Begin PBXNativeTarget section */
		D0D0DEAB1B032D2800FDABA7 /* XBAdPageView */ = {
			isa = PBXNativeTarget;
			buildConfigurationList = D0D0DECF1B032D2800FDABA7 /* Build configuration list for PBXNativeTarget "XBAdPageView" */;
			buildPhases = (
				626765744967071B31FC6D09 /* Check Pods Manifest.lock */,
				D0D0DEA81B032D2800FDABA7 /* Sources */,
				D0D0DEA91B032D2800FDABA7 /* Frameworks */,
				D0D0DEAA1B032D2800FDABA7 /* Resources */,
				1F88FB6F34EA87DA4C144413 /* Embed Pods Frameworks */,
				2E06B3064AB40608BFD17A2B /* Copy Pods Resources */,
			);
			buildRules = (
			);
			dependencies = (
			);
			name = XBAdPageView;
			productName = XBAdPageView;
			productReference = D0D0DEAC1B032D2800FDABA7 /* XBAdPageView.app */;
			productType = "com.apple.product-type.application";
		};
		D0D0DEC41B032D2800FDABA7 /* XBAdPageViewTests */ = {
			isa = PBXNativeTarget;
			buildConfigurationList = D0D0DED21B032D2800FDABA7 /* Build configuration list for PBXNativeTarget "XBAdPageViewTests" */;
			buildPhases = (
				D0D0DEC11B032D2800FDABA7 /* Sources */,
				D0D0DEC21B032D2800FDABA7 /* Frameworks */,
				D0D0DEC31B032D2800FDABA7 /* Resources */,
			);
			buildRules = (
			);
			dependencies = (
				D0D0DEC71B032D2800FDABA7 /* PBXTargetDependency */,
			);
			name = XBAdPageViewTests;
			productName = XBAdPageViewTests;
			productReference = D0D0DEC51B032D2800FDABA7 /* XBAdPageViewTests.xctest */;
			productType = "com.apple.product-type.bundle.unit-test";
		};
/* End PBXNativeTarget section */

/* Begin PBXProject section */
		D0D0DEA41B032D2800FDABA7 /* Project object */ = {
			isa = PBXProject;
			attributes = {
				LastUpgradeCheck = 0630;
				ORGANIZATIONNAME = Peter;
				TargetAttributes = {
					D0D0DEAB1B032D2800FDABA7 = {
						CreatedOnToolsVersion = 6.3;
					};
					D0D0DEC41B032D2800FDABA7 = {
						CreatedOnToolsVersion = 6.3;
						TestTargetID = D0D0DEAB1B032D2800FDABA7;
					};
				};
			};
			buildConfigurationList = D0D0DEA71B032D2800FDABA7 /* Build configuration list for PBXProject "XBAdPageView" */;
			compatibilityVersion = "Xcode 3.2";
			developmentRegion = English;
			hasScannedForEncodings = 0;
			knownRegions = (
				en,
				Base,
			);
			mainGroup = D0D0DEA31B032D2800FDABA7;
			productRefGroup = D0D0DEAD1B032D2800FDABA7 /* Products */;
			projectDirPath = "";
			projectRoot = "";
			targets = (
				D0D0DEAB1B032D2800FDABA7 /* XBAdPageView */,
				D0D0DEC41B032D2800FDABA7 /* XBAdPageViewTests */,
			);
		};
/* End PBXProject section */

/* Begin PBXResourcesBuildPhase section */
		D0D0DEAA1B032D2800FDABA7 /* Resources */ = {
			isa = PBXResourcesBuildPhase;
			buildActionMask = 2147483647;
			files = (
				D0D0DEBB1B032D2800FDABA7 /* Main.storyboard in Resources */,
				D0D0DEC01B032D2800FDABA7 /* LaunchScreen.xib in Resources */,
				D0D0DEBD1B032D2800FDABA7 /* Images.xcassets in Resources */,
				D092E42E1B82C3CB0038B358 /* XBAdPageView.podspec in Resources */,
			);
			runOnlyForDeploymentPostprocessing = 0;
		};
		D0D0DEC31B032D2800FDABA7 /* Resources */ = {
			isa = PBXResourcesBuildPhase;
			buildActionMask = 2147483647;
			files = (
			);
			runOnlyForDeploymentPostprocessing = 0;
		};
/* End PBXResourcesBuildPhase section */

/* Begin PBXShellScriptBuildPhase section */
		1F88FB6F34EA87DA4C144413 /* Embed Pods Frameworks */ = {
			isa = PBXShellScriptBuildPhase;
			buildActionMask = 2147483647;
			files = (
			);
			inputPaths = (
			);
			name = "Embed Pods Frameworks";
			outputPaths = (
			);
			runOnlyForDeploymentPostprocessing = 0;
			shellPath = /bin/sh;
			shellScript = "\"${SRCROOT}/Pods/Target Support Files/Pods/Pods-frameworks.sh\"\n";
			showEnvVarsInLog = 0;
		};
		2E06B3064AB40608BFD17A2B /* Copy Pods Resources */ = {
			isa = PBXShellScriptBuildPhase;
			buildActionMask = 2147483647;
			files = (
			);
			inputPaths = (
			);
			name = "Copy Pods Resources";
			outputPaths = (
			);
			runOnlyForDeploymentPostprocessing = 0;
			shellPath = /bin/sh;
			shellScript = "\"${SRCROOT}/Pods/Target Support Files/Pods/Pods-resources.sh\"\n";
			showEnvVarsInLog = 0;
		};
		626765744967071B31FC6D09 /* Check Pods Manifest.lock */ = {
			isa = PBXShellScriptBuildPhase;
			buildActionMask = 2147483647;
			files = (
			);
			inputPaths = (
			);
			name = "Check Pods Manifest.lock";
			outputPaths = (
			);
			runOnlyForDeploymentPostprocessing = 0;
			shellPath = /bin/sh;
			shellScript = "diff \"${PODS_ROOT}/../Podfile.lock\" \"${PODS_ROOT}/Manifest.lock\" > /dev/null\nif [[ $? != 0 ]] ; then\n    cat << EOM\nerror: The sandbox is not in sync with the Podfile.lock. Run 'pod install' or update your CocoaPods installation.\nEOM\n    exit 1\nfi\n";
			showEnvVarsInLog = 0;
		};
/* End PBXShellScriptBuildPhase section */

/* Begin PBXSourcesBuildPhase section */
		D0D0DEA81B032D2800FDABA7 /* Sources */ = {
			isa = PBXSourcesBuildPhase;
			buildActionMask = 2147483647;
			files = (
				D0D0DEB81B032D2800FDABA7 /* ViewController.m in Sources */,
				D0D0DEB51B032D2800FDABA7 /* AppDelegate.m in Sources */,
				D0D0DEB21B032D2800FDABA7 /* main.m in Sources */,
				D0D0DED81B032D7700FDABA7 /* JXBAdPageView.m in Sources */,
			);
			runOnlyForDeploymentPostprocessing = 0;
		};
		D0D0DEC11B032D2800FDABA7 /* Sources */ = {
			isa = PBXSourcesBuildPhase;
			buildActionMask = 2147483647;
			files = (
				D0D0DECC1B032D2800FDABA7 /* XBAdPageViewTests.m in Sources */,
			);
			runOnlyForDeploymentPostprocessing = 0;
		};
/* End PBXSourcesBuildPhase section */

/* Begin PBXTargetDependency section */
		D0D0DEC71B032D2800FDABA7 /* PBXTargetDependency */ = {
			isa = PBXTargetDependency;
			target = D0D0DEAB1B032D2800FDABA7 /* XBAdPageView */;
			targetProxy = D0D0DEC61B032D2800FDABA7 /* PBXContainerItemProxy */;
		};
/* End PBXTargetDependency section */

/* Begin PBXVariantGroup section */
		D0D0DEB91B032D2800FDABA7 /* Main.storyboard */ = {
			isa = PBXVariantGroup;
			children = (
				D0D0DEBA1B032D2800FDABA7 /* Base */,
			);
			name = Main.storyboard;
			sourceTree = "<group>";
		};
		D0D0DEBE1B032D2800FDABA7 /* LaunchScreen.xib */ = {
			isa = PBXVariantGroup;
			children = (
				D0D0DEBF1B032D2800FDABA7 /* Base */,
			);
			name = LaunchScreen.xib;
			sourceTree = "<group>";
		};
/* End PBXVariantGroup section */

/* Begin XCBuildConfiguration section */
		D0D0DECD1B032D2800FDABA7 /* Debug */ = {
			isa = XCBuildConfiguration;
			buildSettings = {
				ALWAYS_SEARCH_USER_PATHS = NO;
				CLANG_CXX_LANGUAGE_STANDARD = "gnu++0x";
				CLANG_CXX_LIBRARY = "libc++";
				CLANG_ENABLE_MODULES = YES;
				CLANG_ENABLE_OBJC_ARC = YES;
				CLANG_WARN_BOOL_CONVERSION = YES;
				CLANG_WARN_CONSTANT_CONVERSION = YES;
				CLANG_WARN_DIRECT_OBJC_ISA_USAGE = YES_ERROR;
				CLANG_WARN_EMPTY_BODY = YES;
				CLANG_WARN_ENUM_CONVERSION = YES;
				CLANG_WARN_INT_CONVERSION = YES;
				CLANG_WARN_OBJC_ROOT_CLASS = YES_ERROR;
				CLANG_WARN_UNREACHABLE_CODE = YES;
				CLANG_WARN__DUPLICATE_METHOD_MATCH = YES;
				"CODE_SIGN_IDENTITY[sdk=iphoneos*]" = "iPhone Developer";
				COPY_PHASE_STRIP = NO;
				DEBUG_INFORMATION_FORMAT = "dwarf-with-dsym";
				ENABLE_STRICT_OBJC_MSGSEND = YES;
				GCC_C_LANGUAGE_STANDARD = gnu99;
				GCC_DYNAMIC_NO_PIC = NO;
				GCC_NO_COMMON_BLOCKS = YES;
				GCC_OPTIMIZATION_LEVEL = 0;
				GCC_PREPROCESSOR_DEFINITIONS = (
					"DEBUG=1",
					"$(inherited)",
				);
				GCC_SYMBOLS_PRIVATE_EXTERN = NO;
				GCC_WARN_64_TO_32_BIT_CONVERSION = YES;
				GCC_WARN_ABOUT_RETURN_TYPE = YES_ERROR;
				GCC_WARN_UNDECLARED_SELECTOR = YES;
				GCC_WARN_UNINITIALIZED_AUTOS = YES_AGGRESSIVE;
				GCC_WARN_UNUSED_FUNCTION = YES;
				GCC_WARN_UNUSED_VARIABLE = YES;
				IPHONEOS_DEPLOYMENT_TARGET = 8.3;
				MTL_ENABLE_DEBUG_INFO = YES;
				ONLY_ACTIVE_ARCH = YES;
				SDKROOT = iphoneos;
			};
			name = Debug;
		};
		D0D0DECE1B032D2800FDABA7 /* Release */ = {
			isa = XCBuildConfiguration;
			buildSettings = {
				ALWAYS_SEARCH_USER_PATHS = NO;
				CLANG_CXX_LANGUAGE_STANDARD = "gnu++0x";
				CLANG_CXX_LIBRARY = "libc++";
				CLANG_ENABLE_MODULES = YES;
				CLANG_ENABLE_OBJC_ARC = YES;
				CLANG_WARN_BOOL_CONVERSION = YES;
				CLANG_WARN_CONSTANT_CONVERSION = YES;
				CLANG_WARN_DIRECT_OBJC_ISA_USAGE = YES_ERROR;
				CLANG_WARN_EMPTY_BODY = YES;
				CLANG_WARN_ENUM_CONVERSION = YES;
				CLANG_WARN_INT_CONVERSION = YES;
				CLANG_WARN_OBJC_ROOT_CLASS = YES_ERROR;
				CLANG_WARN_UNREACHABLE_CODE = YES;
				CLANG_WARN__DUPLICATE_METHOD_MATCH = YES;
				"CODE_SIGN_IDENTITY[sdk=iphoneos*]" = "iPhone Developer";
				COPY_PHASE_STRIP = NO;
				DEBUG_INFORMATION_FORMAT = "dwarf-with-dsym";
				ENABLE_NS_ASSERTIONS = NO;
				ENABLE_STRICT_OBJC_MSGSEND = YES;
				GCC_C_LANGUAGE_STANDARD = gnu99;
				GCC_NO_COMMON_BLOCKS = YES;
				GCC_WARN_64_TO_32_BIT_CONVERSION = YES;
				GCC_WARN_ABOUT_RETURN_TYPE = YES_ERROR;
				GCC_WARN_UNDECLARED_SELECTOR = YES;
				GCC_WARN_UNINITIALIZED_AUTOS = YES_AGGRESSIVE;
				GCC_WARN_UNUSED_FUNCTION = YES;
				GCC_WARN_UNUSED_VARIABLE = YES;
				IPHONEOS_DEPLOYMENT_TARGET = 8.3;
				MTL_ENABLE_DEBUG_INFO = NO;
				SDKROOT = iphoneos;
				VALIDATE_PRODUCT = YES;
			};
			name = Release;
		};
		D0D0DED01B032D2800FDABA7 /* Debug */ = {
			isa = XCBuildConfiguration;
			baseConfigurationReference = 79A76539AB43D2FF3632FEFA /* Pods.debug.xcconfig */;
			buildSettings = {
				ASSETCATALOG_COMPILER_APPICON_NAME = AppIcon;
				INFOPLIST_FILE = XBAdPageView/Info.plist;
				IPHONEOS_DEPLOYMENT_TARGET = 7.1;
				LD_RUNPATH_SEARCH_PATHS = "$(inherited) @executable_path/Frameworks";
				PRODUCT_NAME = "$(TARGET_NAME)";
			};
			name = Debug;
		};
		D0D0DED11B032D2800FDABA7 /* Release */ = {
			isa = XCBuildConfiguration;
			baseConfigurationReference = 1FF315BACDCE4C657629E77F /* Pods.release.xcconfig */;
			buildSettings = {
				ASSETCATALOG_COMPILER_APPICON_NAME = AppIcon;
				INFOPLIST_FILE = XBAdPageView/Info.plist;
				IPHONEOS_DEPLOYMENT_TARGET = 7.1;
				LD_RUNPATH_SEARCH_PATHS = "$(inherited) @executable_path/Frameworks";
				PRODUCT_NAME = "$(TARGET_NAME)";
			};
			name = Release;
		};
		D0D0DED31B032D2800FDABA7 /* Debug */ = {
			isa = XCBuildConfiguration;
			buildSettings = {
				BUNDLE_LOADER = "$(TEST_HOST)";
				FRAMEWORK_SEARCH_PATHS = (
					"$(SDKROOT)/Developer/Library/Frameworks",
					"$(inherited)",
				);
				GCC_PREPROCESSOR_DEFINITIONS = (
					"DEBUG=1",
					"$(inherited)",
				);
				INFOPLIST_FILE = XBAdPageViewTests/Info.plist;
				LD_RUNPATH_SEARCH_PATHS = "$(inherited) @executable_path/Frameworks @loader_path/Frameworks";
				PRODUCT_NAME = "$(TARGET_NAME)";
				TEST_HOST = "$(BUILT_PRODUCTS_DIR)/XBAdPageView.app/XBAdPageView";
			};
			name = Debug;
		};
		D0D0DED41B032D2800FDABA7 /* Release */ = {
			isa = XCBuildConfiguration;
			buildSettings = {
				BUNDLE_LOADER = "$(TEST_HOST)";
				FRAMEWORK_SEARCH_PATHS = (
					"$(SDKROOT)/Developer/Library/Frameworks",
					"$(inherited)",
				);
				INFOPLIST_FILE = XBAdPageViewTests/Info.plist;
				LD_RUNPATH_SEARCH_PATHS = "$(inherited) @executable_path/Frameworks @loader_path/Frameworks";
				PRODUCT_NAME = "$(TARGET_NAME)";
				TEST_HOST = "$(BUILT_PRODUCTS_DIR)/XBAdPageView.app/XBAdPageView";
			};
			name = Release;
		};
/* End XCBuildConfiguration section */

/* Begin XCConfigurationList section */
		D0D0DEA71B032D2800FDABA7 /* Build configuration list for PBXProject "XBAdPageView" */ = {
			isa = XCConfigurationList;
			buildConfigurations = (
				D0D0DECD1B032D2800FDABA7 /* Debug */,
				D0D0DECE1B032D2800FDABA7 /* Release */,
			);
			defaultConfigurationIsVisible = 0;
			defaultConfigurationName = Release;
		};
		D0D0DECF1B032D2800FDABA7 /* Build configuration list for PBXNativeTarget "XBAdPageView" */ = {
			isa = XCConfigurationList;
			buildConfigurations = (
				D0D0DED01B032D2800FDABA7 /* Debug */,
				D0D0DED11B032D2800FDABA7 /* Release */,
			);
			defaultConfigurationIsVisible = 0;
			defaultConfigurationName = Release;
		};
		D0D0DED21B032D2800FDABA7 /* Build configuration list for PBXNativeTarget "XBAdPageViewTests" */ = {
			isa = XCConfigurationList;
			buildConfigurations = (
				D0D0DED31B032D2800FDABA7 /* Debug */,
				D0D0DED41B032D2800FDABA7 /* Release */,
			);
			defaultConfigurationIsVisible = 0;
			defaultConfigurationName = Release;
		};
/* End XCConfigurationList section */
	};
	rootObject = D0D0DEA41B032D2800FDABA7 /* Project object */;
}
